
Microsoft Visual Studio Solution File, Format Version 12.00
# Visual Studio Version 17
VisualStudioVersion = 17.3.32825.248
MinimumVisualStudioVersion = 10.0.40219.1
Project("{9A19103F-16F7-4668-BE54-9A1E7A4F7556}") = "Services.AuthorizationAPI", "Services.AuthorizationAPI\Services.AuthorizationAPI.csproj", "{ECD6C7D3-546C-42FC-B20D-FF41277CBB24}"
EndProject
Project("{9A19103F-16F7-4668-BE54-9A1E7A4F7556}") = "Services.ProductAPI", "..\Services.ProductAPI\Services.ProductAPI\Services.ProductAPI.csproj", "{5D09C71E-5EC0-4298-B4F5-D578B0D4CE36}"
EndProject
Global
	GlobalSection(SolutionConfigurationPlatforms) = preSolution
		Debug|Any CPU = Debug|Any CPU
		Release|Any CPU = Release|Any CPU
	EndGlobalSection
	GlobalSection(ProjectConfigurationPlatforms) = postSolution
		{ECD6C7D3-546C-42FC-B20D-FF41277CBB24}.Debug|Any CPU.ActiveCfg = Debug|Any CPU
		{ECD6C7D3-546C-42FC-B20D-FF41277CBB24}.Debug|Any CPU.Build.0 = Debug|Any CPU
		{ECD6C7D3-546C-42FC-B20D-FF41277CBB24}.Release|Any CPU.ActiveCfg = Release|Any CPU
		{ECD6C7D3-546C-42FC-B20D-FF41277CBB24}.Release|Any CPU.Build.0 = Release|Any CPU
		{5D09C71E-5EC0-4298-B4F5-D578B0D4CE36}.Debug|Any CPU.ActiveCfg = Debug|Any CPU
		{5D09C71E-5EC0-4298-B4F5-D578B0D4CE36}.Debug|Any CPU.Build.0 = Debug|Any CPU
		{5D09C71E-5EC0-4298-B4F5-D578B0D4CE36}.Release|Any CPU.ActiveCfg = Release|Any CPU
		{5D09C71E-5EC0-4298-B4F5-D578B0D4CE36}.Release|Any CPU.Build.0 = Release|Any CPU
	EndGlobalSection
	GlobalSection(SolutionProperties) = preSolution
		HideSolutionNode = FALSE
	EndGlobalSection
	GlobalSection(ExtensibilityGlobals) = postSolution
		SolutionGuid = {7697B7C9-1226-4106-943F-335B9ACBE47B}
	EndGlobalSection
EndGlobal
